// !$*UTF8*$!
{
	archiveVersion = 1;
	classes = {
	};
	objectVersion = 56;
	objects = {

/* Begin PBXBuildFile section */
		034C63AB2B005AF5004304D9 /* AppDelegate.swift in Sources */ = {isa = PBXBuildFile; fileRef = 034C63AA2B005AF5004304D9 /* AppDelegate.swift */; };
		034C63AD2B005AF5004304D9 /* SceneDelegate.swift in Sources */ = {isa = PBXBuildFile; fileRef = 034C63AC2B005AF5004304D9 /* SceneDelegate.swift */; };
		034C63AF2B005AF5004304D9 /* LoginViewController.swift in Sources */ = {isa = PBXBuildFile; fileRef = 034C63AE2B005AF5004304D9 /* LoginViewController.swift */; };
		034C63B22B005AF5004304D9 /* Main.storyboard in Resources */ = {isa = PBXBuildFile; fileRef = 034C63B02B005AF5004304D9 /* Main.storyboard */; };
		034C63B52B005AF5004304D9 /* MovieSoftek.xcdatamodeld in Sources */ = {isa = PBXBuildFile; fileRef = 034C63B32B005AF5004304D9 /* MovieSoftek.xcdatamodeld */; };
		034C63B72B005AF7004304D9 /* Assets.xcassets in Resources */ = {isa = PBXBuildFile; fileRef = 034C63B62B005AF7004304D9 /* Assets.xcassets */; };
		034C63BA2B005AF7004304D9 /* LaunchScreen.storyboard in Resources */ = {isa = PBXBuildFile; fileRef = 034C63B82B005AF7004304D9 /* LaunchScreen.storyboard */; };
		03AA331E2B0094D300337AA6 /* MoviesService.swift in Sources */ = {isa = PBXBuildFile; fileRef = 03AA331D2B0094D300337AA6 /* MoviesService.swift */; };
		03AA33202B0094EE00337AA6 /* Constants.swift in Sources */ = {isa = PBXBuildFile; fileRef = 03AA331F2B0094EE00337AA6 /* Constants.swift */; };
		03AA33222B00950200337AA6 /* MovieListResponse.swift in Sources */ = {isa = PBXBuildFile; fileRef = 03AA33212B00950200337AA6 /* MovieListResponse.swift */; };
		03AA33242B00952200337AA6 /* APIClient.swift in Sources */ = {isa = PBXBuildFile; fileRef = 03AA33232B00952200337AA6 /* APIClient.swift */; };
		03D2F3C72B007ED900160628 /* MovieCellTableViewCell.swift in Sources */ = {isa = PBXBuildFile; fileRef = 03D2F3C52B007ED900160628 /* MovieCellTableViewCell.swift */; };
		03D2F3C82B007ED900160628 /* MovieCellTableViewCell.xib in Resources */ = {isa = PBXBuildFile; fileRef = 03D2F3C62B007ED900160628 /* MovieCellTableViewCell.xib */; };
		03D2F3CA2B00806800160628 /* MovieHomeViewController.swift in Sources */ = {isa = PBXBuildFile; fileRef = 03D2F3C92B00806800160628 /* MovieHomeViewController.swift */; };
		03D2F3CC2B0082C800160628 /* Extensions.swift in Sources */ = {isa = PBXBuildFile; fileRef = 03D2F3CB2B0082C800160628 /* Extensions.swift */; };
		03D2F3CE2B00864100160628 /* MovieDetailViewController.swift in Sources */ = {isa = PBXBuildFile; fileRef = 03D2F3CD2B00864100160628 /* MovieDetailViewController.swift */; };
		03D2F3D02B008D4900160628 /* (null) in Sources */ = {isa = PBXBuildFile; };
		03D2F3D82B0093EA00160628 /* (null) in Sources */ = {isa = PBXBuildFile; };
		22A13B618DC6D7BDBFB0A6BF /* Pods_MovieSoftekTests.framework in Frameworks */ = {isa = PBXBuildFile; fileRef = CF098D79E11FD72BD1F5B4FC /* Pods_MovieSoftekTests.framework */; };
		E4BAA44B538A050562A3CEAC /* Pods_MovieSoftek.framework in Frameworks */ = {isa = PBXBuildFile; fileRef = 23C528F6E00D59A4430DE28D /* Pods_MovieSoftek.framework */; };
/* End PBXBuildFile section */

/* Begin PBXContainerItemProxy section */
		034C63C12B005AF7004304D9 /* PBXContainerItemProxy */ = {
			isa = PBXContainerItemProxy;
			containerPortal = 034C639F2B005AF5004304D9 /* Project object */;
			proxyType = 1;
			remoteGlobalIDString = 034C63A62B005AF5004304D9;
			remoteInfo = MovieSoftek;
		};
/* End PBXContainerItemProxy section */

/* Begin PBXFileReference section */
		034C63A72B005AF5004304D9 /* MovieSoftek.app */ = {isa = PBXFileReference; explicitFileType = wrapper.application; includeInIndex = 0; path = MovieSoftek.app; sourceTree = BUILT_PRODUCTS_DIR; };
		034C63AA2B005AF5004304D9 /* AppDelegate.swift */ = {isa = PBXFileReference; lastKnownFileType = sourcecode.swift; path = AppDelegate.swift; sourceTree = "<group>"; };
		034C63AC2B005AF5004304D9 /* SceneDelegate.swift */ = {isa = PBXFileReference; lastKnownFileType = sourcecode.swift; path = SceneDelegate.swift; sourceTree = "<group>"; };
		034C63AE2B005AF5004304D9 /* LoginViewController.swift */ = {isa = PBXFileReference; lastKnownFileType = sourcecode.swift; path = LoginViewController.swift; sourceTree = "<group>"; };
		034C63B12B005AF5004304D9 /* Base */ = {isa = PBXFileReference; lastKnownFileType = file.storyboard; name = Base; path = Base.lproj/Main.storyboard; sourceTree = "<group>"; };
		034C63B42B005AF5004304D9 /* MovieSoftek.xcdatamodel */ = {isa = PBXFileReference; lastKnownFileType = wrapper.xcdatamodel; path = MovieSoftek.xcdatamodel; sourceTree = "<group>"; };
		034C63B62B005AF7004304D9 /* Assets.xcassets */ = {isa = PBXFileReference; lastKnownFileType = folder.assetcatalog; path = Assets.xcassets; sourceTree = "<group>"; };
		034C63B92B005AF7004304D9 /* Base */ = {isa = PBXFileReference; lastKnownFileType = file.storyboard; name = Base; path = Base.lproj/LaunchScreen.storyboard; sourceTree = "<group>"; };
		034C63BB2B005AF7004304D9 /* Info.plist */ = {isa = PBXFileReference; lastKnownFileType = text.plist.xml; path = Info.plist; sourceTree = "<group>"; };
		034C63C02B005AF7004304D9 /* MovieSoftekTests.xctest */ = {isa = PBXFileReference; explicitFileType = wrapper.cfbundle; includeInIndex = 0; path = MovieSoftekTests.xctest; sourceTree = BUILT_PRODUCTS_DIR; };
		034C63CE2B005AF7004304D9 /* MovieSoftekUITests.swift */ = {isa = PBXFileReference; lastKnownFileType = sourcecode.swift; path = MovieSoftekUITests.swift; sourceTree = "<group>"; };
		034C63D02B005AF7004304D9 /* MovieSoftekUITestsLaunchTests.swift */ = {isa = PBXFileReference; lastKnownFileType = sourcecode.swift; path = MovieSoftekUITestsLaunchTests.swift; sourceTree = "<group>"; };
		03AA331D2B0094D300337AA6 /* MoviesService.swift */ = {isa = PBXFileReference; fileEncoding = 4; lastKnownFileType = sourcecode.swift; path = MoviesService.swift; sourceTree = "<group>"; };
		03AA331F2B0094EE00337AA6 /* Constants.swift */ = {isa = PBXFileReference; fileEncoding = 4; lastKnownFileType = sourcecode.swift; path = Constants.swift; sourceTree = "<group>"; };
		03AA33212B00950200337AA6 /* MovieListResponse.swift */ = {isa = PBXFileReference; fileEncoding = 4; lastKnownFileType = sourcecode.swift; path = MovieListResponse.swift; sourceTree = "<group>"; };
		03AA33232B00952200337AA6 /* APIClient.swift */ = {isa = PBXFileReference; fileEncoding = 4; lastKnownFileType = sourcecode.swift; path = APIClient.swift; sourceTree = "<group>"; };
		03D2F3C52B007ED900160628 /* MovieCellTableViewCell.swift */ = {isa = PBXFileReference; lastKnownFileType = sourcecode.swift; path = MovieCellTableViewCell.swift; sourceTree = "<group>"; };
		03D2F3C62B007ED900160628 /* MovieCellTableViewCell.xib */ = {isa = PBXFileReference; lastKnownFileType = file.xib; path = MovieCellTableViewCell.xib; sourceTree = "<group>"; };
		03D2F3C92B00806800160628 /* MovieHomeViewController.swift */ = {isa = PBXFileReference; lastKnownFileType = sourcecode.swift; path = MovieHomeViewController.swift; sourceTree = "<group>"; };
		03D2F3CB2B0082C800160628 /* Extensions.swift */ = {isa = PBXFileReference; lastKnownFileType = sourcecode.swift; path = Extensions.swift; sourceTree = "<group>"; };
		03D2F3CD2B00864100160628 /* MovieDetailViewController.swift */ = {isa = PBXFileReference; lastKnownFileType = sourcecode.swift; path = MovieDetailViewController.swift; sourceTree = "<group>"; };
		184C9C67640ECBC552099BA4 /* Pods-MovieSoftekTests.debug.xcconfig */ = {isa = PBXFileReference; includeInIndex = 1; lastKnownFileType = text.xcconfig; name = "Pods-MovieSoftekTests.debug.xcconfig"; path = "Target Support Files/Pods-MovieSoftekTests/Pods-MovieSoftekTests.debug.xcconfig"; sourceTree = "<group>"; };
		2102463C054E8653677A80F8 /* Pods-MovieSoftekTests.release.xcconfig */ = {isa = PBXFileReference; includeInIndex = 1; lastKnownFileType = text.xcconfig; name = "Pods-MovieSoftekTests.release.xcconfig"; path = "Target Support Files/Pods-MovieSoftekTests/Pods-MovieSoftekTests.release.xcconfig"; sourceTree = "<group>"; };
		23C528F6E00D59A4430DE28D /* Pods_MovieSoftek.framework */ = {isa = PBXFileReference; explicitFileType = wrapper.framework; includeInIndex = 0; path = Pods_MovieSoftek.framework; sourceTree = BUILT_PRODUCTS_DIR; };
		60C7E52EAE64068F56F2686D /* Pods-MovieSoftek.debug.xcconfig */ = {isa = PBXFileReference; includeInIndex = 1; lastKnownFileType = text.xcconfig; name = "Pods-MovieSoftek.debug.xcconfig"; path = "Target Support Files/Pods-MovieSoftek/Pods-MovieSoftek.debug.xcconfig"; sourceTree = "<group>"; };
		A90480840F3CC400FA14A8B0 /* Pods-MovieSoftek.release.xcconfig */ = {isa = PBXFileReference; includeInIndex = 1; lastKnownFileType = text.xcconfig; name = "Pods-MovieSoftek.release.xcconfig"; path = "Target Support Files/Pods-MovieSoftek/Pods-MovieSoftek.release.xcconfig"; sourceTree = "<group>"; };
		CF098D79E11FD72BD1F5B4FC /* Pods_MovieSoftekTests.framework */ = {isa = PBXFileReference; explicitFileType = wrapper.framework; includeInIndex = 0; path = Pods_MovieSoftekTests.framework; sourceTree = BUILT_PRODUCTS_DIR; };
/* End PBXFileReference section */

/* Begin PBXFrameworksBuildPhase section */
		034C63A42B005AF5004304D9 /* Frameworks */ = {
			isa = PBXFrameworksBuildPhase;
			buildActionMask = 2147483647;
			files = (
				E4BAA44B538A050562A3CEAC /* Pods_MovieSoftek.framework in Frameworks */,
			);
			runOnlyForDeploymentPostprocessing = 0;
		};
		034C63BD2B005AF7004304D9 /* Frameworks */ = {
			isa = PBXFrameworksBuildPhase;
			buildActionMask = 2147483647;
			files = (
				22A13B618DC6D7BDBFB0A6BF /* Pods_MovieSoftekTests.framework in Frameworks */,
			);
			runOnlyForDeploymentPostprocessing = 0;
		};
/* End PBXFrameworksBuildPhase section */

/* Begin PBXGroup section */
		034C639E2B005AF5004304D9 = {
			isa = PBXGroup;
			children = (
				034C63A92B005AF5004304D9 /* MovieSoftek */,
				034C63C32B005AF7004304D9 /* MovieSoftekTests */,
				034C63CD2B005AF7004304D9 /* MovieSoftekUITests */,
				034C63A82B005AF5004304D9 /* Products */,
				2C96F99B240BC684A895B13B /* Pods */,
				7AE3ABE82407429E480684D8 /* Frameworks */,
			);
			sourceTree = "<group>";
		};
		034C63A82B005AF5004304D9 /* Products */ = {
			isa = PBXGroup;
			children = (
				034C63A72B005AF5004304D9 /* MovieSoftek.app */,
				034C63C02B005AF7004304D9 /* MovieSoftekTests.xctest */,
			);
			name = Products;
			sourceTree = "<group>";
		};
		034C63A92B005AF5004304D9 /* MovieSoftek */ = {
			isa = PBXGroup;
			children = (
				034C63AA2B005AF5004304D9 /* AppDelegate.swift */,
				03AA33232B00952200337AA6 /* APIClient.swift */,
				034C63AC2B005AF5004304D9 /* SceneDelegate.swift */,
				034C63AE2B005AF5004304D9 /* LoginViewController.swift */,
				034C63B02B005AF5004304D9 /* Main.storyboard */,
				034C63B62B005AF7004304D9 /* Assets.xcassets */,
				034C63B82B005AF7004304D9 /* LaunchScreen.storyboard */,
				034C63BB2B005AF7004304D9 /* Info.plist */,
				034C63B32B005AF5004304D9 /* MovieSoftek.xcdatamodeld */,
				03D2F3C52B007ED900160628 /* MovieCellTableViewCell.swift */,
				03D2F3C62B007ED900160628 /* MovieCellTableViewCell.xib */,
				03D2F3C92B00806800160628 /* MovieHomeViewController.swift */,
				03AA331F2B0094EE00337AA6 /* Constants.swift */,
				03AA33212B00950200337AA6 /* MovieListResponse.swift */,
				03AA331D2B0094D300337AA6 /* MoviesService.swift */,
				03D2F3CB2B0082C800160628 /* Extensions.swift */,
				03D2F3CD2B00864100160628 /* MovieDetailViewController.swift */,
			);
			path = MovieSoftek;
			sourceTree = "<group>";
		};
		034C63C32B005AF7004304D9 /* MovieSoftekTests */ = {
			isa = PBXGroup;
			children = (
			);
			path = MovieSoftekTests;
			sourceTree = "<group>";
		};
		034C63CD2B005AF7004304D9 /* MovieSoftekUITests */ = {
			isa = PBXGroup;
			children = (
				034C63CE2B005AF7004304D9 /* MovieSoftekUITests.swift */,
				034C63D02B005AF7004304D9 /* MovieSoftekUITestsLaunchTests.swift */,
			);
			path = MovieSoftekUITests;
			sourceTree = "<group>";
		};
		2C96F99B240BC684A895B13B /* Pods */ = {
			isa = PBXGroup;
			children = (
				60C7E52EAE64068F56F2686D /* Pods-MovieSoftek.debug.xcconfig */,
				A90480840F3CC400FA14A8B0 /* Pods-MovieSoftek.release.xcconfig */,
				184C9C67640ECBC552099BA4 /* Pods-MovieSoftekTests.debug.xcconfig */,
				2102463C054E8653677A80F8 /* Pods-MovieSoftekTests.release.xcconfig */,
			);
			path = Pods;
			sourceTree = "<group>";
		};
		7AE3ABE82407429E480684D8 /* Frameworks */ = {
			isa = PBXGroup;
			children = (
				23C528F6E00D59A4430DE28D /* Pods_MovieSoftek.framework */,
				CF098D79E11FD72BD1F5B4FC /* Pods_MovieSoftekTests.framework */,
			);
			name = Frameworks;
			sourceTree = "<group>";
		};
/* End PBXGroup section */

/* Begin PBXNativeTarget section */
		034C63A62B005AF5004304D9 /* MovieSoftek */ = {
			isa = PBXNativeTarget;
			buildConfigurationList = 034C63D42B005AF7004304D9 /* Build configuration list for PBXNativeTarget "MovieSoftek" */;
			buildPhases = (
				C6630B14F3EC6589FE651F38 /* [CP] Check Pods Manifest.lock */,
				034C63A32B005AF5004304D9 /* Sources */,
				034C63A42B005AF5004304D9 /* Frameworks */,
				034C63A52B005AF5004304D9 /* Resources */,
				80B0E15FFC34CED387A765CE /* [CP] Embed Pods Frameworks */,
			);
			buildRules = (
			);
			dependencies = (
			);
			name = MovieSoftek;
			productName = MovieSoftek;
			productReference = 034C63A72B005AF5004304D9 /* MovieSoftek.app */;
			productType = "com.apple.product-type.application";
		};
		034C63BF2B005AF7004304D9 /* MovieSoftekTests */ = {
			isa = PBXNativeTarget;
			buildConfigurationList = 034C63D72B005AF7004304D9 /* Build configuration list for PBXNativeTarget "MovieSoftekTests" */;
			buildPhases = (
				688F31C0F807493E87923D2D /* [CP] Check Pods Manifest.lock */,
				034C63BC2B005AF7004304D9 /* Sources */,
				034C63BD2B005AF7004304D9 /* Frameworks */,
				034C63BE2B005AF7004304D9 /* Resources */,
			);
			buildRules = (
			);
			dependencies = (
				034C63C22B005AF7004304D9 /* PBXTargetDependency */,
			);
			name = MovieSoftekTests;
			productName = MovieSoftekTests;
			productReference = 034C63C02B005AF7004304D9 /* MovieSoftekTests.xctest */;
			productType = "com.apple.product-type.bundle.unit-test";
		};
/* End PBXNativeTarget section */

/* Begin PBXProject section */
		034C639F2B005AF5004304D9 /* Project object */ = {
			isa = PBXProject;
			attributes = {
				BuildIndependentTargetsInParallel = 1;
				LastSwiftUpdateCheck = 1500;
				LastUpgradeCheck = 1500;
				TargetAttributes = {
					034C63A62B005AF5004304D9 = {
						CreatedOnToolsVersion = 15.0.1;
					};
					034C63BF2B005AF7004304D9 = {
						CreatedOnToolsVersion = 15.0.1;
						LastSwiftMigration = 1500;
						TestTargetID = 034C63A62B005AF5004304D9;
					};
				};
			};
			buildConfigurationList = 034C63A22B005AF5004304D9 /* Build configuration list for PBXProject "MovieSoftek" */;
			compatibilityVersion = "Xcode 14.0";
			developmentRegion = en;
			hasScannedForEncodings = 0;
			knownRegions = (
				en,
				Base,
			);
			mainGroup = 034C639E2B005AF5004304D9;
			productRefGroup = 034C63A82B005AF5004304D9 /* Products */;
			projectDirPath = "";
			projectRoot = "";
			targets = (
				034C63A62B005AF5004304D9 /* MovieSoftek */,
				034C63BF2B005AF7004304D9 /* MovieSoftekTests */,
			);
		};
/* End PBXProject section */

/* Begin PBXResourcesBuildPhase section */
		034C63A52B005AF5004304D9 /* Resources */ = {
			isa = PBXResourcesBuildPhase;
			buildActionMask = 2147483647;
			files = (
				034C63BA2B005AF7004304D9 /* LaunchScreen.storyboard in Resources */,
				034C63B72B005AF7004304D9 /* Assets.xcassets in Resources */,
				03D2F3C82B007ED900160628 /* MovieCellTableViewCell.xib in Resources */,
				034C63B22B005AF5004304D9 /* Main.storyboard in Resources */,
			);
			runOnlyForDeploymentPostprocessing = 0;
		};
		034C63BE2B005AF7004304D9 /* Resources */ = {
			isa = PBXResourcesBuildPhase;
			buildActionMask = 2147483647;
			files = (
			);
			runOnlyForDeploymentPostprocessing = 0;
		};
/* End PBXResourcesBuildPhase section */

/* Begin PBXShellScriptBuildPhase section */
		688F31C0F807493E87923D2D /* [CP] Check Pods Manifest.lock */ = {
			isa = PBXShellScriptBuildPhase;
			buildActionMask = 2147483647;
			files = (
			);
			inputFileListPaths = (
			);
			inputPaths = (
				"${PODS_PODFILE_DIR_PATH}/Podfile.lock",
				"${PODS_ROOT}/Manifest.lock",
			);
			name = "[CP] Check Pods Manifest.lock";
			outputFileListPaths = (
			);
			outputPaths = (
				"$(DERIVED_FILE_DIR)/Pods-MovieSoftekTests-checkManifestLockResult.txt",
			);
			runOnlyForDeploymentPostprocessing = 0;
			shellPath = /bin/sh;
			shellScript = "diff \"${PODS_PODFILE_DIR_PATH}/Podfile.lock\" \"${PODS_ROOT}/Manifest.lock\" > /dev/null\nif [ $? != 0 ] ; then\n    # print error to STDERR\n    echo \"error: The sandbox is not in sync with the Podfile.lock. Run 'pod install' or update your CocoaPods installation.\" >&2\n    exit 1\nfi\n# This output is used by Xcode 'outputs' to avoid re-running this script phase.\necho \"SUCCESS\" > \"${SCRIPT_OUTPUT_FILE_0}\"\n";
			showEnvVarsInLog = 0;
		};
		80B0E15FFC34CED387A765CE /* [CP] Embed Pods Frameworks */ = {
			isa = PBXShellScriptBuildPhase;
			buildActionMask = 2147483647;
			files = (
			);
			inputFileListPaths = (
				"${PODS_ROOT}/Target Support Files/Pods-MovieSoftek/Pods-MovieSoftek-frameworks-${CONFIGURATION}-input-files.xcfilelist",
			);
			name = "[CP] Embed Pods Frameworks";
			outputFileListPaths = (
				"${PODS_ROOT}/Target Support Files/Pods-MovieSoftek/Pods-MovieSoftek-frameworks-${CONFIGURATION}-output-files.xcfilelist",
			);
			runOnlyForDeploymentPostprocessing = 0;
			shellPath = /bin/sh;
			shellScript = "\"${PODS_ROOT}/Target Support Files/Pods-MovieSoftek/Pods-MovieSoftek-frameworks.sh\"\n";
			showEnvVarsInLog = 0;
		};
		C6630B14F3EC6589FE651F38 /* [CP] Check Pods Manifest.lock */ = {
			isa = PBXShellScriptBuildPhase;
			buildActionMask = 2147483647;
			files = (
			);
			inputFileListPaths = (
			);
			inputPaths = (
				"${PODS_PODFILE_DIR_PATH}/Podfile.lock",
				"${PODS_ROOT}/Manifest.lock",
			);
			name = "[CP] Check Pods Manifest.lock";
			outputFileListPaths = (
			);
			outputPaths = (
				"$(DERIVED_FILE_DIR)/Pods-MovieSoftek-checkManifestLockResult.txt",
			);
			runOnlyForDeploymentPostprocessing = 0;
			shellPath = /bin/sh;
			shellScript = "diff \"${PODS_PODFILE_DIR_PATH}/Podfile.lock\" \"${PODS_ROOT}/Manifest.lock\" > /dev/null\nif [ $? != 0 ] ; then\n    # print error to STDERR\n    echo \"error: The sandbox is not in sync with the Podfile.lock. Run 'pod install' or update your CocoaPods installation.\" >&2\n    exit 1\nfi\n# This output is used by Xcode 'outputs' to avoid re-running this script phase.\necho \"SUCCESS\" > \"${SCRIPT_OUTPUT_FILE_0}\"\n";
			showEnvVarsInLog = 0;
		};
/* End PBXShellScriptBuildPhase section */

/* Begin PBXSourcesBuildPhase section */
		034C63A32B005AF5004304D9 /* Sources */ = {
			isa = PBXSourcesBuildPhase;
			buildActionMask = 2147483647;
			files = (
				03D2F3CA2B00806800160628 /* MovieHomeViewController.swift in Sources */,
				03AA33222B00950200337AA6 /* MovieListResponse.swift in Sources */,
				03AA33202B0094EE00337AA6 /* Constants.swift in Sources */,
				034C63B52B005AF5004304D9 /* MovieSoftek.xcdatamodeld in Sources */,
				034C63AF2B005AF5004304D9 /* LoginViewController.swift in Sources */,
				034C63AB2B005AF5004304D9 /* AppDelegate.swift in Sources */,
				03D2F3CE2B00864100160628 /* MovieDetailViewController.swift in Sources */,
				03D2F3C72B007ED900160628 /* MovieCellTableViewCell.swift in Sources */,
				03AA331E2B0094D300337AA6 /* MoviesService.swift in Sources */,
				03AA33242B00952200337AA6 /* APIClient.swift in Sources */,
				034C63AD2B005AF5004304D9 /* SceneDelegate.swift in Sources */,
				03D2F3CC2B0082C800160628 /* Extensions.swift in Sources */,
				03D2F3D02B008D4900160628 /* (null) in Sources */,
			);
			runOnlyForDeploymentPostprocessing = 0;
		};
		034C63BC2B005AF7004304D9 /* Sources */ = {
			isa = PBXSourcesBuildPhase;
			buildActionMask = 2147483647;
			files = (
				03D2F3D82B0093EA00160628 /* (null) in Sources */,
			);
			runOnlyForDeploymentPostprocessing = 0;
		};
/* End PBXSourcesBuildPhase section */

/* Begin PBXTargetDependency section */
		034C63C22B005AF7004304D9 /* PBXTargetDependency */ = {
			isa = PBXTargetDependency;
			target = 034C63A62B005AF5004304D9 /* MovieSoftek */;
			targetProxy = 034C63C12B005AF7004304D9 /* PBXContainerItemProxy */;
		};
/* End PBXTargetDependency section */

/* Begin PBXVariantGroup section */
		034C63B02B005AF5004304D9 /* Main.storyboard */ = {
			isa = PBXVariantGroup;
			children = (
				034C63B12B005AF5004304D9 /* Base */,
			);
			name = Main.storyboard;
			sourceTree = "<group>";
		};
		034C63B82B005AF7004304D9 /* LaunchScreen.storyboard */ = {
			isa = PBXVariantGroup;
			children = (
				034C63B92B005AF7004304D9 /* Base */,
			);
			name = LaunchScreen.storyboard;
			sourceTree = "<group>";
		};
/* End PBXVariantGroup section */

/* Begin XCBuildConfiguration section */
		034C63D22B005AF7004304D9 /* Debug */ = {
			isa = XCBuildConfiguration;
			buildSettings = {
				ALWAYS_SEARCH_USER_PATHS = NO;
				ASSETCATALOG_COMPILER_GENERATE_SWIFT_ASSET_SYMBOL_EXTENSIONS = YES;
				CLANG_ANALYZER_NONNULL = YES;
				CLANG_ANALYZER_NUMBER_OBJECT_CONVERSION = YES_AGGRESSIVE;
				CLANG_CXX_LANGUAGE_STANDARD = "gnu++20";
				CLANG_ENABLE_MODULES = YES;
				CLANG_ENABLE_OBJC_ARC = YES;
				CLANG_ENABLE_OBJC_WEAK = YES;
				CLANG_WARN_BLOCK_CAPTURE_AUTORELEASING = YES;
				CLANG_WARN_BOOL_CONVERSION = YES;
				CLANG_WARN_COMMA = YES;
				CLANG_WARN_CONSTANT_CONVERSION = YES;
				CLANG_WARN_DEPRECATED_OBJC_IMPLEMENTATIONS = YES;
				CLANG_WARN_DIRECT_OBJC_ISA_USAGE = YES_ERROR;
				CLANG_WARN_DOCUMENTATION_COMMENTS = YES;
				CLANG_WARN_EMPTY_BODY = YES;
				CLANG_WARN_ENUM_CONVERSION = YES;
				CLANG_WARN_INFINITE_RECURSION = YES;
				CLANG_WARN_INT_CONVERSION = YES;
				CLANG_WARN_NON_LITERAL_NULL_CONVERSION = YES;
				CLANG_WARN_OBJC_IMPLICIT_RETAIN_SELF = YES;
				CLANG_WARN_OBJC_LITERAL_CONVERSION = YES;
				CLANG_WARN_OBJC_ROOT_CLASS = YES_ERROR;
				CLANG_WARN_QUOTED_INCLUDE_IN_FRAMEWORK_HEADER = YES;
				CLANG_WARN_RANGE_LOOP_ANALYSIS = YES;
				CLANG_WARN_STRICT_PROTOTYPES = YES;
				CLANG_WARN_SUSPICIOUS_MOVE = YES;
				CLANG_WARN_UNGUARDED_AVAILABILITY = YES_AGGRESSIVE;
				CLANG_WARN_UNREACHABLE_CODE = YES;
				CLANG_WARN__DUPLICATE_METHOD_MATCH = YES;
				COPY_PHASE_STRIP = NO;
				DEBUG_INFORMATION_FORMAT = dwarf;
				ENABLE_STRICT_OBJC_MSGSEND = YES;
				ENABLE_TESTABILITY = YES;
				ENABLE_USER_SCRIPT_SANDBOXING = NO;
				GCC_C_LANGUAGE_STANDARD = gnu17;
				GCC_DYNAMIC_NO_PIC = NO;
				GCC_NO_COMMON_BLOCKS = YES;
				GCC_OPTIMIZATION_LEVEL = 0;
				GCC_PREPROCESSOR_DEFINITIONS = (
					"DEBUG=1",
					"$(inherited)",
				);
				GCC_WARN_64_TO_32_BIT_CONVERSION = YES;
				GCC_WARN_ABOUT_RETURN_TYPE = YES_ERROR;
				GCC_WARN_UNDECLARED_SELECTOR = YES;
				GCC_WARN_UNINITIALIZED_AUTOS = YES_AGGRESSIVE;
				GCC_WARN_UNUSED_FUNCTION = YES;
				GCC_WARN_UNUSED_VARIABLE = YES;
				IPHONEOS_DEPLOYMENT_TARGET = 14.0;
				LOCALIZATION_PREFERS_STRING_CATALOGS = YES;
				MTL_ENABLE_DEBUG_INFO = INCLUDE_SOURCE;
				MTL_FAST_MATH = YES;
				ONLY_ACTIVE_ARCH = YES;
				SDKROOT = iphoneos;
				SWIFT_ACTIVE_COMPILATION_CONDITIONS = "DEBUG $(inherited)";
				SWIFT_OPTIMIZATION_LEVEL = "-Onone";
			};
			name = Debug;
		};
		034C63D32B005AF7004304D9 /* Release */ = {
			isa = XCBuildConfiguration;
			buildSettings = {
				ALWAYS_SEARCH_USER_PATHS = NO;
				ASSETCATALOG_COMPILER_GENERATE_SWIFT_ASSET_SYMBOL_EXTENSIONS = YES;
				CLANG_ANALYZER_NONNULL = YES;
				CLANG_ANALYZER_NUMBER_OBJECT_CONVERSION = YES_AGGRESSIVE;
				CLANG_CXX_LANGUAGE_STANDARD = "gnu++20";
				CLANG_ENABLE_MODULES = YES;
				CLANG_ENABLE_OBJC_ARC = YES;
				CLANG_ENABLE_OBJC_WEAK = YES;
				CLANG_WARN_BLOCK_CAPTURE_AUTORELEASING = YES;
				CLANG_WARN_BOOL_CONVERSION = YES;
				CLANG_WARN_COMMA = YES;
				CLANG_WARN_CONSTANT_CONVERSION = YES;
				CLANG_WARN_DEPRECATED_OBJC_IMPLEMENTATIONS = YES;
				CLANG_WARN_DIRECT_OBJC_ISA_USAGE = YES_ERROR;
				CLANG_WARN_DOCUMENTATION_COMMENTS = YES;
				CLANG_WARN_EMPTY_BODY = YES;
				CLANG_WARN_ENUM_CONVERSION = YES;
				CLANG_WARN_INFINITE_RECURSION = YES;
				CLANG_WARN_INT_CONVERSION = YES;
				CLANG_WARN_NON_LITERAL_NULL_CONVERSION = YES;
				CLANG_WARN_OBJC_IMPLICIT_RETAIN_SELF = YES;
				CLANG_WARN_OBJC_LITERAL_CONVERSION = YES;
				CLANG_WARN_OBJC_ROOT_CLASS = YES_ERROR;
				CLANG_WARN_QUOTED_INCLUDE_IN_FRAMEWORK_HEADER = YES;
				CLANG_WARN_RANGE_LOOP_ANALYSIS = YES;
				CLANG_WARN_STRICT_PROTOTYPES = YES;
				CLANG_WARN_SUSPICIOUS_MOVE = YES;
				CLANG_WARN_UNGUARDED_AVAILABILITY = YES_AGGRESSIVE;
				CLANG_WARN_UNREACHABLE_CODE = YES;
				CLANG_WARN__DUPLICATE_METHOD_MATCH = YES;
				COPY_PHASE_STRIP = NO;
				DEBUG_INFORMATION_FORMAT = "dwarf-with-dsym";
				ENABLE_NS_ASSERTIONS = NO;
				ENABLE_STRICT_OBJC_MSGSEND = YES;
				ENABLE_USER_SCRIPT_SANDBOXING = NO;
				GCC_C_LANGUAGE_STANDARD = gnu17;
				GCC_NO_COMMON_BLOCKS = YES;
				GCC_WARN_64_TO_32_BIT_CONVERSION = YES;
				GCC_WARN_ABOUT_RETURN_TYPE = YES_ERROR;
				GCC_WARN_UNDECLARED_SELECTOR = YES;
				GCC_WARN_UNINITIALIZED_AUTOS = YES_AGGRESSIVE;
				GCC_WARN_UNUSED_FUNCTION = YES;
				GCC_WARN_UNUSED_VARIABLE = YES;
				IPHONEOS_DEPLOYMENT_TARGET = 14.0;
				LOCALIZATION_PREFERS_STRING_CATALOGS = YES;
				MTL_ENABLE_DEBUG_INFO = NO;
				MTL_FAST_MATH = YES;
				SDKROOT = iphoneos;
				SWIFT_COMPILATION_MODE = wholemodule;
				VALIDATE_PRODUCT = YES;
			};
			name = Release;
		};
		034C63D52B005AF7004304D9 /* Debug */ = {
			isa = XCBuildConfiguration;
			baseConfigurationReference = 60C7E52EAE64068F56F2686D /* Pods-MovieSoftek.debug.xcconfig */;
			buildSettings = {
				ASSETCATALOG_COMPILER_APPICON_NAME = AppIcon;
				ASSETCATALOG_COMPILER_GLOBAL_ACCENT_COLOR_NAME = AccentColor;
				CODE_SIGN_STYLE = Automatic;
				CURRENT_PROJECT_VERSION = 1;
				DEVELOPMENT_TEAM = 7RRD9A765A;
				GENERATE_INFOPLIST_FILE = YES;
				INFOPLIST_FILE = MovieSoftek/Info.plist;
				INFOPLIST_KEY_UIApplicationSupportsIndirectInputEvents = YES;
				INFOPLIST_KEY_UILaunchStoryboardName = LaunchScreen;
				INFOPLIST_KEY_UIMainStoryboardFile = Main;
				INFOPLIST_KEY_UISupportedInterfaceOrientations_iPad = "UIInterfaceOrientationPortrait UIInterfaceOrientationPortraitUpsideDown UIInterfaceOrientationLandscapeLeft UIInterfaceOrientationLandscapeRight";
				INFOPLIST_KEY_UISupportedInterfaceOrientations_iPhone = "UIInterfaceOrientationPortrait UIInterfaceOrientationLandscapeLeft UIInterfaceOrientationLandscapeRight";
				LD_RUNPATH_SEARCH_PATHS = (
					"$(inherited)",
					"@executable_path/Frameworks",
				);
				MARKETING_VERSION = 1.0;
				PRODUCT_BUNDLE_IDENTIFIER = com.jhonatan.MovieSoftek;
				PRODUCT_NAME = "$(TARGET_NAME)";
				SWIFT_EMIT_LOC_STRINGS = YES;
				SWIFT_VERSION = 5.0;
				TARGETED_DEVICE_FAMILY = "1,2";
			};
			name = Debug;
		};
		034C63D62B005AF7004304D9 /* Release */ = {
			isa = XCBuildConfiguration;
			baseConfigurationReference = A90480840F3CC400FA14A8B0 /* Pods-MovieSoftek.release.xcconfig */;
			buildSettings = {
				ASSETCATALOG_COMPILER_APPICON_NAME = AppIcon;
				ASSETCATALOG_COMPILER_GLOBAL_ACCENT_COLOR_NAME = AccentColor;
				CODE_SIGN_STYLE = Automatic;
				CURRENT_PROJECT_VERSION = 1;
				DEVELOPMENT_TEAM = 7RRD9A765A;
				GENERATE_INFOPLIST_FILE = YES;
				INFOPLIST_FILE = MovieSoftek/Info.plist;
				INFOPLIST_KEY_UIApplicationSupportsIndirectInputEvents = YES;
				INFOPLIST_KEY_UILaunchStoryboardName = LaunchScreen;
				INFOPLIST_KEY_UIMainStoryboardFile = Main;
				INFOPLIST_KEY_UISupportedInterfaceOrientations_iPad = "UIInterfaceOrientationPortrait UIInterfaceOrientationPortraitUpsideDown UIInterfaceOrientationLandscapeLeft UIInterfaceOrientationLandscapeRight";
				INFOPLIST_KEY_UISupportedInterfaceOrientations_iPhone = "UIInterfaceOrientationPortrait UIInterfaceOrientationLandscapeLeft UIInterfaceOrientationLandscapeRight";
				LD_RUNPATH_SEARCH_PATHS = (
					"$(inherited)",
					"@executable_path/Frameworks",
				);
				MARKETING_VERSION = 1.0;
				PRODUCT_BUNDLE_IDENTIFIER = com.jhonatan.MovieSoftek;
				PRODUCT_NAME = "$(TARGET_NAME)";
				SWIFT_EMIT_LOC_STRINGS = YES;
				SWIFT_VERSION = 5.0;
				TARGETED_DEVICE_FAMILY = "1,2";
			};
			name = Release;
		};
		034C63D82B005AF7004304D9 /* Debug */ = {
			isa = XCBuildConfiguration;
			baseConfigurationReference = 184C9C67640ECBC552099BA4 /* Pods-MovieSoftekTests.debug.xcconfig */;
			buildSettings = {
				ALWAYS_EMBED_SWIFT_STANDARD_LIBRARIES = YES;
				BUNDLE_LOADER = "$(TEST_HOST)";
				CLANG_ENABLE_MODULES = YES;
				CODE_SIGN_STYLE = Automatic;
				CURRENT_PROJECT_VERSION = 1;
				DEVELOPMENT_TEAM = 7RRD9A765A;
				GENERATE_INFOPLIST_FILE = YES;
				IPHONEOS_DEPLOYMENT_TARGET = 14.0;
				MARKETING_VERSION = 1.0;
				PRODUCT_BUNDLE_IDENTIFIER = com.jhonatan.MovieSoftekTests;
				PRODUCT_NAME = "$(TARGET_NAME)";
				SWIFT_EMIT_LOC_STRINGS = NO;
				SWIFT_OPTIMIZATION_LEVEL = "-Onone";
				SWIFT_VERSION = 5.0;
				TARGETED_DEVICE_FAMILY = "1,2";
				TEST_HOST = "$(BUILT_PRODUCTS_DIR)/MovieSoftek.app/$(BUNDLE_EXECUTABLE_FOLDER_PATH)/MovieSoftek";
			};
			name = Debug;
		};
		034C63D92B005AF7004304D9 /* Release */ = {
			isa = XCBuildConfiguration;
			baseConfigurationReference = 2102463C054E8653677A80F8 /* Pods-MovieSoftekTests.release.xcconfig */;
			buildSettings = {
				ALWAYS_EMBED_SWIFT_STANDARD_LIBRARIES = YES;
				BUNDLE_LOADER = "$(TEST_HOST)";
				CLANG_ENABLE_MODULES = YES;
				CODE_SIGN_STYLE = Automatic;
				CURRENT_PROJECT_VERSION = 1;
				DEVELOPMENT_TEAM = 7RRD9A765A;
				GENERATE_INFOPLIST_FILE = YES;
				IPHONEOS_DEPLOYMENT_TARGET = 14.0;
				MARKETING_VERSION = 1.0;
				PRODUCT_BUNDLE_IDENTIFIER = com.jhonatan.MovieSoftekTests;
				PRODUCT_NAME = "$(TARGET_NAME)";
				SWIFT_EMIT_LOC_STRINGS = NO;
				SWIFT_VERSION = 5.0;
				TARGETED_DEVICE_FAMILY = "1,2";
				TEST_HOST = "$(BUILT_PRODUCTS_DIR)/MovieSoftek.app/$(BUNDLE_EXECUTABLE_FOLDER_PATH)/MovieSoftek";
			};
			name = Release;
		};
/* End XCBuildConfiguration section */

/* Begin XCConfigurationList section */
		034C63A22B005AF5004304D9 /* Build configuration list for PBXProject "MovieSoftek" */ = {
			isa = XCConfigurationList;
			buildConfigurations = (
				034C63D22B005AF7004304D9 /* Debug */,
				034C63D32B005AF7004304D9 /* Release */,
			);
			defaultConfigurationIsVisible = 0;
			defaultConfigurationName = Release;
		};
		034C63D42B005AF7004304D9 /* Build configuration list for PBXNativeTarget "MovieSoftek" */ = {
			isa = XCConfigurationList;
			buildConfigurations = (
				034C63D52B005AF7004304D9 /* Debug */,
				034C63D62B005AF7004304D9 /* Release */,
			);
			defaultConfigurationIsVisible = 0;
			defaultConfigurationName = Release;
		};
		034C63D72B005AF7004304D9 /* Build configuration list for PBXNativeTarget "MovieSoftekTests" */ = {
			isa = XCConfigurationList;
			buildConfigurations = (
				034C63D82B005AF7004304D9 /* Debug */,
				034C63D92B005AF7004304D9 /* Release */,
			);
			defaultConfigurationIsVisible = 0;
			defaultConfigurationName = Release;
		};
/* End XCConfigurationList section */

/* Begin XCVersionGroup section */
		034C63B32B005AF5004304D9 /* MovieSoftek.xcdatamodeld */ = {
			isa = XCVersionGroup;
			children = (
				034C63B42B005AF5004304D9 /* MovieSoftek.xcdatamodel */,
			);
			currentVersion = 034C63B42B005AF5004304D9 /* MovieSoftek.xcdatamodel */;
			path = MovieSoftek.xcdatamodeld;
			sourceTree = "<group>";
			versionGroupType = wrapper.xcdatamodel;
		};
/* End XCVersionGroup section */
	};
	rootObject = 034C639F2B005AF5004304D9 /* Project object */;
}
